
Microsoft Visual Studio Solution File, Format Version 12.00
# Visual Studio Version 16
VisualStudioVersion = 16.0.31205.134
MinimumVisualStudioVersion = 10.0.40219.1
Project("{FAE04EC0-301F-11D3-BF4B-00C04F79EFBC}") = "LoCaM", "LoCaM\LoCaM.csproj", "{526526C4-C973-4EFF-B385-01CFB04F7EA6}"
EndProject
Global
	GlobalSection(SolutionConfigurationPlatforms) = preSolution
		Debug|Any CPU = Debug|Any CPU
		Release|Any CPU = Release|Any CPU
	EndGlobalSection
	GlobalSection(ProjectConfigurationPlatforms) = postSolution
		{526526C4-C973-4EFF-B385-01CFB04F7EA6}.Debug|Any CPU.ActiveCfg = Debug|Any CPU
		{526526C4-C973-4EFF-B385-01CFB04F7EA6}.Debug|Any CPU.Build.0 = Debug|Any CPU
		{526526C4-C973-4EFF-B385-01CFB04F7EA6}.Release|Any CPU.ActiveCfg = Release|Any CPU
		{526526C4-C973-4EFF-B385-01CFB04F7EA6}.Release|Any CPU.Build.0 = Release|Any CPU
	EndGlobalSection
	GlobalSection(SolutionProperties) = preSolution
		HideSolutionNode = FALSE
	EndGlobalSection
	GlobalSection(ExtensibilityGlobals) = postSolution
		SolutionGuid = {109718FF-83E1-46D5-B8C5-E62D84015722}
	EndGlobalSection
EndGlobal
